
Microsoft Visual Studio Solution File, Format Version 12.00
# Visual Studio Version 17
VisualStudioVersion = 17.0.32112.339
MinimumVisualStudioVersion = 10.0.40219.1
Project("{FAE04EC0-301F-11D3-BF4B-00C04F79EFBC}") = "CursoCSharp", "CursoCSharp\CursoCSharp.csproj", "{3D8EE3F2-AE9C-49CF-A00D-E710A5C247EB}"
EndProject
Global
	GlobalSection(SolutionConfigurationPlatforms) = preSolution
		Debug|Any CPU = Debug|Any CPU
		Release|Any CPU = Release|Any CPU
	EndGlobalSection
	GlobalSection(ProjectConfigurationPlatforms) = postSolution
		{3D8EE3F2-AE9C-49CF-A00D-E710A5C247EB}.Debug|Any CPU.ActiveCfg = Debug|Any CPU
		{3D8EE3F2-AE9C-49CF-A00D-E710A5C247EB}.Debug|Any CPU.Build.0 = Debug|Any CPU
		{3D8EE3F2-AE9C-49CF-A00D-E710A5C247EB}.Release|Any CPU.ActiveCfg = Release|Any CPU
		{3D8EE3F2-AE9C-49CF-A00D-E710A5C247EB}.Release|Any CPU.Build.0 = Release|Any CPU
	EndGlobalSection
	GlobalSection(SolutionProperties) = preSolution
		HideSolutionNode = FALSE
	EndGlobalSection
	GlobalSection(ExtensibilityGlobals) = postSolution
		SolutionGuid = {04A2FBC9-6792-4A0F-9DD9-28302BBE069A}
	EndGlobalSection
EndGlobal
